// !$*UTF8*$!
{
	archiveVersion = 1;
	classes = {
	};
	objectVersion = 56;
	objects = {

/* Begin PBXBuildFile section */
		662086C02919865D005C74A9 /* PymeView.swift in Sources */ = {isa = PBXBuildFile; fileRef = 662086BF2919865D005C74A9 /* PymeView.swift */; };
		662086C2291AA1E4005C74A9 /* PymeComponents.swift in Sources */ = {isa = PBXBuildFile; fileRef = 662086C1291AA1E4005C74A9 /* PymeComponents.swift */; };
		662501DF29185D0D00CA79F8 /* Servilist_maquetaApp.swift in Sources */ = {isa = PBXBuildFile; fileRef = 662501DE29185D0D00CA79F8 /* Servilist_maquetaApp.swift */; };
		662501E329185D0F00CA79F8 /* Assets.xcassets in Resources */ = {isa = PBXBuildFile; fileRef = 662501E229185D0F00CA79F8 /* Assets.xcassets */; };
		662501E629185D0F00CA79F8 /* Preview Assets.xcassets in Resources */ = {isa = PBXBuildFile; fileRef = 662501E529185D0F00CA79F8 /* Preview Assets.xcassets */; };
		662501EF29185F5200CA79F8 /* MenuView.swift in Sources */ = {isa = PBXBuildFile; fileRef = 662501EE29185F5200CA79F8 /* MenuView.swift */; };
		662501F1291867BD00CA79F8 /* MenuComponents.swift in Sources */ = {isa = PBXBuildFile; fileRef = 662501F0291867BD00CA79F8 /* MenuComponents.swift */; };
		8942ED9B0D74780D9DF60A4D /* Pods_Servilist_maqueta.framework in Frameworks */ = {isa = PBXBuildFile; fileRef = B025BC66C4546AEDEF403AAF /* Pods_Servilist_maqueta.framework */; };
/* End PBXBuildFile section */

/* Begin PBXFileReference section */
		641719570A94501B9EECF1E6 /* Pods-Servilist-maqueta.release.xcconfig */ = {isa = PBXFileReference; includeInIndex = 1; lastKnownFileType = text.xcconfig; name = "Pods-Servilist-maqueta.release.xcconfig"; path = "Target Support Files/Pods-Servilist-maqueta/Pods-Servilist-maqueta.release.xcconfig"; sourceTree = "<group>"; };
		662086BF2919865D005C74A9 /* PymeView.swift */ = {isa = PBXFileReference; lastKnownFileType = sourcecode.swift; path = PymeView.swift; sourceTree = "<group>"; };
		662086C1291AA1E4005C74A9 /* PymeComponents.swift */ = {isa = PBXFileReference; lastKnownFileType = sourcecode.swift; path = PymeComponents.swift; sourceTree = "<group>"; };
		662501DB29185D0D00CA79F8 /* Servilist-maqueta.app */ = {isa = PBXFileReference; explicitFileType = wrapper.application; includeInIndex = 0; path = "Servilist-maqueta.app"; sourceTree = BUILT_PRODUCTS_DIR; };
		662501DE29185D0D00CA79F8 /* Servilist_maquetaApp.swift */ = {isa = PBXFileReference; lastKnownFileType = sourcecode.swift; path = Servilist_maquetaApp.swift; sourceTree = "<group>"; };
		662501E229185D0F00CA79F8 /* Assets.xcassets */ = {isa = PBXFileReference; lastKnownFileType = folder.assetcatalog; path = Assets.xcassets; sourceTree = "<group>"; };
		662501E529185D0F00CA79F8 /* Preview Assets.xcassets */ = {isa = PBXFileReference; lastKnownFileType = folder.assetcatalog; path = "Preview Assets.xcassets"; sourceTree = "<group>"; };
		662501EE29185F5200CA79F8 /* MenuView.swift */ = {isa = PBXFileReference; lastKnownFileType = sourcecode.swift; path = MenuView.swift; sourceTree = "<group>"; };
		662501F0291867BD00CA79F8 /* MenuComponents.swift */ = {isa = PBXFileReference; lastKnownFileType = sourcecode.swift; path = MenuComponents.swift; sourceTree = "<group>"; };
		B025BC66C4546AEDEF403AAF /* Pods_Servilist_maqueta.framework */ = {isa = PBXFileReference; explicitFileType = wrapper.framework; includeInIndex = 0; path = Pods_Servilist_maqueta.framework; sourceTree = BUILT_PRODUCTS_DIR; };
		D65747464AF6A35CFE5781F1 /* Pods-Servilist-maqueta.debug.xcconfig */ = {isa = PBXFileReference; includeInIndex = 1; lastKnownFileType = text.xcconfig; name = "Pods-Servilist-maqueta.debug.xcconfig"; path = "Target Support Files/Pods-Servilist-maqueta/Pods-Servilist-maqueta.debug.xcconfig"; sourceTree = "<group>"; };
/* End PBXFileReference section */

/* Begin PBXFrameworksBuildPhase section */
		662501D829185D0D00CA79F8 /* Frameworks */ = {
			isa = PBXFrameworksBuildPhase;
			buildActionMask = 2147483647;
			files = (
				8942ED9B0D74780D9DF60A4D /* Pods_Servilist_maqueta.framework in Frameworks */,
			);
			runOnlyForDeploymentPostprocessing = 0;
		};
/* End PBXFrameworksBuildPhase section */

/* Begin PBXGroup section */
		662086BE29198645005C74A9 /* Pyme */ = {
			isa = PBXGroup;
			children = (
				662086BF2919865D005C74A9 /* PymeView.swift */,
				662086C1291AA1E4005C74A9 /* PymeComponents.swift */,
			);
			path = Pyme;
			sourceTree = "<group>";
		};
		662501D229185D0D00CA79F8 = {
			isa = PBXGroup;
			children = (
				662501DD29185D0D00CA79F8 /* Servilist-maqueta */,
				662501DC29185D0D00CA79F8 /* Products */,
				F9F7D9291119E4CAA87ADDB7 /* Pods */,
				C672B967CA6315017C4E10FD /* Frameworks */,
			);
			sourceTree = "<group>";
		};
		662501DC29185D0D00CA79F8 /* Products */ = {
			isa = PBXGroup;
			children = (
				662501DB29185D0D00CA79F8 /* Servilist-maqueta.app */,
			);
			name = Products;
			sourceTree = "<group>";
		};
		662501DD29185D0D00CA79F8 /* Servilist-maqueta */ = {
			isa = PBXGroup;
			children = (
				662086BE29198645005C74A9 /* Pyme */,
				662501DE29185D0D00CA79F8 /* Servilist_maquetaApp.swift */,
				662501ED29185F4000CA79F8 /* Menu */,
				662501EC29185F1800CA79F8 /* Util */,
				662501E229185D0F00CA79F8 /* Assets.xcassets */,
				662501E429185D0F00CA79F8 /* Preview Content */,
			);
			path = "Servilist-maqueta";
			sourceTree = "<group>";
		};
		662501E429185D0F00CA79F8 /* Preview Content */ = {
			isa = PBXGroup;
			children = (
				662501E529185D0F00CA79F8 /* Preview Assets.xcassets */,
			);
			path = "Preview Content";
			sourceTree = "<group>";
		};
		662501EC29185F1800CA79F8 /* Util */ = {
			isa = PBXGroup;
			children = (
			);
			path = Util;
			sourceTree = "<group>";
		};
		662501ED29185F4000CA79F8 /* Menu */ = {
			isa = PBXGroup;
			children = (
				662501EE29185F5200CA79F8 /* MenuView.swift */,
				662501F0291867BD00CA79F8 /* MenuComponents.swift */,
			);
			path = Menu;
			sourceTree = "<group>";
		};
		C672B967CA6315017C4E10FD /* Frameworks */ = {
			isa = PBXGroup;
			children = (
				B025BC66C4546AEDEF403AAF /* Pods_Servilist_maqueta.framework */,
			);
			name = Frameworks;
			sourceTree = "<group>";
		};
		F9F7D9291119E4CAA87ADDB7 /* Pods */ = {
			isa = PBXGroup;
			children = (
				D65747464AF6A35CFE5781F1 /* Pods-Servilist-maqueta.debug.xcconfig */,
				641719570A94501B9EECF1E6 /* Pods-Servilist-maqueta.release.xcconfig */,
			);
			path = Pods;
			sourceTree = "<group>";
		};
/* End PBXGroup section */

/* Begin PBXNativeTarget section */
		662501DA29185D0D00CA79F8 /* Servilist-maqueta */ = {
			isa = PBXNativeTarget;
			buildConfigurationList = 662501E929185D0F00CA79F8 /* Build configuration list for PBXNativeTarget "Servilist-maqueta" */;
			buildPhases = (
				E7F545482A08EEDB081F4289 /* [CP] Check Pods Manifest.lock */,
				662501D729185D0D00CA79F8 /* Sources */,
				662501D829185D0D00CA79F8 /* Frameworks */,
				662501D929185D0D00CA79F8 /* Resources */,
				C695103A911D4036822BB3EB /* [CP] Embed Pods Frameworks */,
			);
			buildRules = (
			);
			dependencies = (
			);
			name = "Servilist-maqueta";
			productName = "Servilist-maqueta";
			productReference = 662501DB29185D0D00CA79F8 /* Servilist-maqueta.app */;
			productType = "com.apple.product-type.application";
		};
/* End PBXNativeTarget section */

/* Begin PBXProject section */
		662501D329185D0D00CA79F8 /* Project object */ = {
			isa = PBXProject;
			attributes = {
				BuildIndependentTargetsInParallel = 1;
				LastSwiftUpdateCheck = 1410;
				LastUpgradeCheck = 1410;
				TargetAttributes = {
					662501DA29185D0D00CA79F8 = {
						CreatedOnToolsVersion = 14.1;
					};
				};
			};
			buildConfigurationList = 662501D629185D0D00CA79F8 /* Build configuration list for PBXProject "Servilist-maqueta" */;
			compatibilityVersion = "Xcode 14.0";
			developmentRegion = en;
			hasScannedForEncodings = 0;
			knownRegions = (
				en,
				Base,
			);
			mainGroup = 662501D229185D0D00CA79F8;
			productRefGroup = 662501DC29185D0D00CA79F8 /* Products */;
			projectDirPath = "";
			projectRoot = "";
			targets = (
				662501DA29185D0D00CA79F8 /* Servilist-maqueta */,
			);
		};
/* End PBXProject section */

/* Begin PBXResourcesBuildPhase section */
		662501D929185D0D00CA79F8 /* Resources */ = {
			isa = PBXResourcesBuildPhase;
			buildActionMask = 2147483647;
			files = (
				662501E629185D0F00CA79F8 /* Preview Assets.xcassets in Resources */,
				662501E329185D0F00CA79F8 /* Assets.xcassets in Resources */,
			);
			runOnlyForDeploymentPostprocessing = 0;
		};
/* End PBXResourcesBuildPhase section */

/* Begin PBXShellScriptBuildPhase section */
		C695103A911D4036822BB3EB /* [CP] Embed Pods Frameworks */ = {
			isa = PBXShellScriptBuildPhase;
			buildActionMask = 2147483647;
			files = (
			);
			inputFileListPaths = (
				"${PODS_ROOT}/Target Support Files/Pods-Servilist-maqueta/Pods-Servilist-maqueta-frameworks-${CONFIGURATION}-input-files.xcfilelist",
			);
			name = "[CP] Embed Pods Frameworks";
			outputFileListPaths = (
				"${PODS_ROOT}/Target Support Files/Pods-Servilist-maqueta/Pods-Servilist-maqueta-frameworks-${CONFIGURATION}-output-files.xcfilelist",
			);
			runOnlyForDeploymentPostprocessing = 0;
			shellPath = /bin/sh;
			shellScript = "\"${PODS_ROOT}/Target Support Files/Pods-Servilist-maqueta/Pods-Servilist-maqueta-frameworks.sh\"\n";
			showEnvVarsInLog = 0;
		};
		E7F545482A08EEDB081F4289 /* [CP] Check Pods Manifest.lock */ = {
			isa = PBXShellScriptBuildPhase;
			buildActionMask = 2147483647;
			files = (
			);
			inputFileListPaths = (
			);
			inputPaths = (
				"${PODS_PODFILE_DIR_PATH}/Podfile.lock",
				"${PODS_ROOT}/Manifest.lock",
			);
			name = "[CP] Check Pods Manifest.lock";
			outputFileListPaths = (
			);
			outputPaths = (
				"$(DERIVED_FILE_DIR)/Pods-Servilist-maqueta-checkManifestLockResult.txt",
			);
			runOnlyForDeploymentPostprocessing = 0;
			shellPath = /bin/sh;
			shellScript = "diff \"${PODS_PODFILE_DIR_PATH}/Podfile.lock\" \"${PODS_ROOT}/Manifest.lock\" > /dev/null\nif [ $? != 0 ] ; then\n    # print error to STDERR\n    echo \"error: The sandbox is not in sync with the Podfile.lock. Run 'pod install' or update your CocoaPods installation.\" >&2\n    exit 1\nfi\n# This output is used by Xcode 'outputs' to avoid re-running this script phase.\necho \"SUCCESS\" > \"${SCRIPT_OUTPUT_FILE_0}\"\n";
			showEnvVarsInLog = 0;
		};
/* End PBXShellScriptBuildPhase section */

/* Begin PBXSourcesBuildPhase section */
		662501D729185D0D00CA79F8 /* Sources */ = {
			isa = PBXSourcesBuildPhase;
			buildActionMask = 2147483647;
			files = (
				662086C2291AA1E4005C74A9 /* PymeComponents.swift in Sources */,
				662501F1291867BD00CA79F8 /* MenuComponents.swift in Sources */,
				662501DF29185D0D00CA79F8 /* Servilist_maquetaApp.swift in Sources */,
				662501EF29185F5200CA79F8 /* MenuView.swift in Sources */,
				662086C02919865D005C74A9 /* PymeView.swift in Sources */,
			);
			runOnlyForDeploymentPostprocessing = 0;
		};
/* End PBXSourcesBuildPhase section */

/* Begin XCBuildConfiguration section */
		662501E729185D0F00CA79F8 /* Debug */ = {
			isa = XCBuildConfiguration;
			buildSettings = {
				ALWAYS_SEARCH_USER_PATHS = NO;
				CLANG_ANALYZER_NONNULL = YES;
				CLANG_ANALYZER_NUMBER_OBJECT_CONVERSION = YES_AGGRESSIVE;
				CLANG_CXX_LANGUAGE_STANDARD = "gnu++20";
				CLANG_ENABLE_MODULES = YES;
				CLANG_ENABLE_OBJC_ARC = YES;
				CLANG_ENABLE_OBJC_WEAK = YES;
				CLANG_WARN_BLOCK_CAPTURE_AUTORELEASING = YES;
				CLANG_WARN_BOOL_CONVERSION = YES;
				CLANG_WARN_COMMA = YES;
				CLANG_WARN_CONSTANT_CONVERSION = YES;
				CLANG_WARN_DEPRECATED_OBJC_IMPLEMENTATIONS = YES;
				CLANG_WARN_DIRECT_OBJC_ISA_USAGE = YES_ERROR;
				CLANG_WARN_DOCUMENTATION_COMMENTS = YES;
				CLANG_WARN_EMPTY_BODY = YES;
				CLANG_WARN_ENUM_CONVERSION = YES;
				CLANG_WARN_INFINITE_RECURSION = YES;
				CLANG_WARN_INT_CONVERSION = YES;
				CLANG_WARN_NON_LITERAL_NULL_CONVERSION = YES;
				CLANG_WARN_OBJC_IMPLICIT_RETAIN_SELF = YES;
				CLANG_WARN_OBJC_LITERAL_CONVERSION = YES;
				CLANG_WARN_OBJC_ROOT_CLASS = YES_ERROR;
				CLANG_WARN_QUOTED_INCLUDE_IN_FRAMEWORK_HEADER = YES;
				CLANG_WARN_RANGE_LOOP_ANALYSIS = YES;
				CLANG_WARN_STRICT_PROTOTYPES = YES;
				CLANG_WARN_SUSPICIOUS_MOVE = YES;
				CLANG_WARN_UNGUARDED_AVAILABILITY = YES_AGGRESSIVE;
				CLANG_WARN_UNREACHABLE_CODE = YES;
				CLANG_WARN__DUPLICATE_METHOD_MATCH = YES;
				COPY_PHASE_STRIP = NO;
				DEBUG_INFORMATION_FORMAT = dwarf;
				ENABLE_STRICT_OBJC_MSGSEND = YES;
				ENABLE_TESTABILITY = YES;
				GCC_C_LANGUAGE_STANDARD = gnu11;
				GCC_DYNAMIC_NO_PIC = NO;
				GCC_NO_COMMON_BLOCKS = YES;
				GCC_OPTIMIZATION_LEVEL = 0;
				GCC_PREPROCESSOR_DEFINITIONS = (
					"DEBUG=1",
					"$(inherited)",
				);
				GCC_WARN_64_TO_32_BIT_CONVERSION = YES;
				GCC_WARN_ABOUT_RETURN_TYPE = YES_ERROR;
				GCC_WARN_UNDECLARED_SELECTOR = YES;
				GCC_WARN_UNINITIALIZED_AUTOS = YES_AGGRESSIVE;
				GCC_WARN_UNUSED_FUNCTION = YES;
				GCC_WARN_UNUSED_VARIABLE = YES;
				IPHONEOS_DEPLOYMENT_TARGET = 16.1;
				MTL_ENABLE_DEBUG_INFO = INCLUDE_SOURCE;
				MTL_FAST_MATH = YES;
				ONLY_ACTIVE_ARCH = YES;
				SDKROOT = iphoneos;
				SWIFT_ACTIVE_COMPILATION_CONDITIONS = DEBUG;
				SWIFT_OPTIMIZATION_LEVEL = "-Onone";
			};
			name = Debug;
		};
		662501E829185D0F00CA79F8 /* Release */ = {
			isa = XCBuildConfiguration;
			buildSettings = {
				ALWAYS_SEARCH_USER_PATHS = NO;
				CLANG_ANALYZER_NONNULL = YES;
				CLANG_ANALYZER_NUMBER_OBJECT_CONVERSION = YES_AGGRESSIVE;
				CLANG_CXX_LANGUAGE_STANDARD = "gnu++20";
				CLANG_ENABLE_MODULES = YES;
				CLANG_ENABLE_OBJC_ARC = YES;
				CLANG_ENABLE_OBJC_WEAK = YES;
				CLANG_WARN_BLOCK_CAPTURE_AUTORELEASING = YES;
				CLANG_WARN_BOOL_CONVERSION = YES;
				CLANG_WARN_COMMA = YES;
				CLANG_WARN_CONSTANT_CONVERSION = YES;
				CLANG_WARN_DEPRECATED_OBJC_IMPLEMENTATIONS = YES;
				CLANG_WARN_DIRECT_OBJC_ISA_USAGE = YES_ERROR;
				CLANG_WARN_DOCUMENTATION_COMMENTS = YES;
				CLANG_WARN_EMPTY_BODY = YES;
				CLANG_WARN_ENUM_CONVERSION = YES;
				CLANG_WARN_INFINITE_RECURSION = YES;
				CLANG_WARN_INT_CONVERSION = YES;
				CLANG_WARN_NON_LITERAL_NULL_CONVERSION = YES;
				CLANG_WARN_OBJC_IMPLICIT_RETAIN_SELF = YES;
				CLANG_WARN_OBJC_LITERAL_CONVERSION = YES;
				CLANG_WARN_OBJC_ROOT_CLASS = YES_ERROR;
				CLANG_WARN_QUOTED_INCLUDE_IN_FRAMEWORK_HEADER = YES;
				CLANG_WARN_RANGE_LOOP_ANALYSIS = YES;
				CLANG_WARN_STRICT_PROTOTYPES = YES;
				CLANG_WARN_SUSPICIOUS_MOVE = YES;
				CLANG_WARN_UNGUARDED_AVAILABILITY = YES_AGGRESSIVE;
				CLANG_WARN_UNREACHABLE_CODE = YES;
				CLANG_WARN__DUPLICATE_METHOD_MATCH = YES;
				COPY_PHASE_STRIP = NO;
				DEBUG_INFORMATION_FORMAT = "dwarf-with-dsym";
				ENABLE_NS_ASSERTIONS = NO;
				ENABLE_STRICT_OBJC_MSGSEND = YES;
				GCC_C_LANGUAGE_STANDARD = gnu11;
				GCC_NO_COMMON_BLOCKS = YES;
				GCC_WARN_64_TO_32_BIT_CONVERSION = YES;
				GCC_WARN_ABOUT_RETURN_TYPE = YES_ERROR;
				GCC_WARN_UNDECLARED_SELECTOR = YES;
				GCC_WARN_UNINITIALIZED_AUTOS = YES_AGGRESSIVE;
				GCC_WARN_UNUSED_FUNCTION = YES;
				GCC_WARN_UNUSED_VARIABLE = YES;
				IPHONEOS_DEPLOYMENT_TARGET = 16.1;
				MTL_ENABLE_DEBUG_INFO = NO;
				MTL_FAST_MATH = YES;
				SDKROOT = iphoneos;
				SWIFT_COMPILATION_MODE = wholemodule;
				SWIFT_OPTIMIZATION_LEVEL = "-O";
				VALIDATE_PRODUCT = YES;
			};
			name = Release;
		};
		662501EA29185D0F00CA79F8 /* Debug */ = {
			isa = XCBuildConfiguration;
			baseConfigurationReference = D65747464AF6A35CFE5781F1 /* Pods-Servilist-maqueta.debug.xcconfig */;
			buildSettings = {
				ASSETCATALOG_COMPILER_APPICON_NAME = AppIcon;
				ASSETCATALOG_COMPILER_GLOBAL_ACCENT_COLOR_NAME = AccentColor;
				CODE_SIGN_STYLE = Automatic;
				CURRENT_PROJECT_VERSION = 1;
				DEVELOPMENT_ASSET_PATHS = "\"Servilist-maqueta/Preview Content\"";
				DEVELOPMENT_TEAM = HKKAM4GN94;
				ENABLE_PREVIEWS = YES;
				GENERATE_INFOPLIST_FILE = YES;
				INFOPLIST_KEY_UIApplicationSceneManifest_Generation = YES;
				INFOPLIST_KEY_UIApplicationSupportsIndirectInputEvents = YES;
				INFOPLIST_KEY_UILaunchScreen_Generation = YES;
				INFOPLIST_KEY_UISupportedInterfaceOrientations_iPad = "UIInterfaceOrientationPortrait UIInterfaceOrientationPortraitUpsideDown UIInterfaceOrientationLandscapeLeft UIInterfaceOrientationLandscapeRight";
				INFOPLIST_KEY_UISupportedInterfaceOrientations_iPhone = "UIInterfaceOrientationPortrait UIInterfaceOrientationLandscapeLeft UIInterfaceOrientationLandscapeRight";
				LD_RUNPATH_SEARCH_PATHS = (
					"$(inherited)",
					"@executable_path/Frameworks",
				);
				MARKETING_VERSION = 1.0;
				PRODUCT_BUNDLE_IDENTIFIER = "Warlo.Servilist-maqueta";
				PRODUCT_NAME = "$(TARGET_NAME)";
				SWIFT_EMIT_LOC_STRINGS = YES;
				SWIFT_VERSION = 5.0;
				TARGETED_DEVICE_FAMILY = "1,2";
			};
			name = Debug;
		};
		662501EB29185D0F00CA79F8 /* Release */ = {
			isa = XCBuildConfiguration;
			baseConfigurationReference = 641719570A94501B9EECF1E6 /* Pods-Servilist-maqueta.release.xcconfig */;
			buildSettings = {
				ASSETCATALOG_COMPILER_APPICON_NAME = AppIcon;
				ASSETCATALOG_COMPILER_GLOBAL_ACCENT_COLOR_NAME = AccentColor;
				CODE_SIGN_STYLE = Automatic;
				CURRENT_PROJECT_VERSION = 1;
				DEVELOPMENT_ASSET_PATHS = "\"Servilist-maqueta/Preview Content\"";
				DEVELOPMENT_TEAM = HKKAM4GN94;
				ENABLE_PREVIEWS = YES;
				GENERATE_INFOPLIST_FILE = YES;
				INFOPLIST_KEY_UIApplicationSceneManifest_Generation = YES;
				INFOPLIST_KEY_UIApplicationSupportsIndirectInputEvents = YES;
				INFOPLIST_KEY_UILaunchScreen_Generation = YES;
				INFOPLIST_KEY_UISupportedInterfaceOrientations_iPad = "UIInterfaceOrientationPortrait UIInterfaceOrientationPortraitUpsideDown UIInterfaceOrientationLandscapeLeft UIInterfaceOrientationLandscapeRight";
				INFOPLIST_KEY_UISupportedInterfaceOrientations_iPhone = "UIInterfaceOrientationPortrait UIInterfaceOrientationLandscapeLeft UIInterfaceOrientationLandscapeRight";
				LD_RUNPATH_SEARCH_PATHS = (
					"$(inherited)",
					"@executable_path/Frameworks",
				);
				MARKETING_VERSION = 1.0;
				PRODUCT_BUNDLE_IDENTIFIER = "Warlo.Servilist-maqueta";
				PRODUCT_NAME = "$(TARGET_NAME)";
				SWIFT_EMIT_LOC_STRINGS = YES;
				SWIFT_VERSION = 5.0;
				TARGETED_DEVICE_FAMILY = "1,2";
			};
			name = Release;
		};
/* End XCBuildConfiguration section */

/* Begin XCConfigurationList section */
		662501D629185D0D00CA79F8 /* Build configuration list for PBXProject "Servilist-maqueta" */ = {
			isa = XCConfigurationList;
			buildConfigurations = (
				662501E729185D0F00CA79F8 /* Debug */,
				662501E829185D0F00CA79F8 /* Release */,
			);
			defaultConfigurationIsVisible = 0;
			defaultConfigurationName = Release;
		};
		662501E929185D0F00CA79F8 /* Build configuration list for PBXNativeTarget "Servilist-maqueta" */ = {
			isa = XCConfigurationList;
			buildConfigurations = (
				662501EA29185D0F00CA79F8 /* Debug */,
				662501EB29185D0F00CA79F8 /* Release */,
			);
			defaultConfigurationIsVisible = 0;
			defaultConfigurationName = Release;
		};
/* End XCConfigurationList section */
	};
	rootObject = 662501D329185D0D00CA79F8 /* Project object */;
}
